
Microsoft Visual Studio Solution File, Format Version 12.00
# Visual Studio Version 17
VisualStudioVersion = 17.5.002.0
MinimumVisualStudioVersion = 10.0.40219.1
Project("{9A19103F-16F7-4668-BE54-9A1E7A4F7556}") = "test-api-dotnet", "test-api-dotnet.csproj", "{B4AAC1CE-5F43-487C-A7FC-A2AD6E4D68B8}"
EndProject
Global
	GlobalSection(SolutionConfigurationPlatforms) = preSolution
		Debug|Any CPU = Debug|Any CPU
		Release|Any CPU = Release|Any CPU
	EndGlobalSection
	GlobalSection(ProjectConfigurationPlatforms) = postSolution
		{B4AAC1CE-5F43-487C-A7FC-A2AD6E4D68B8}.Debug|Any CPU.ActiveCfg = Debug|Any CPU
		{B4AAC1CE-5F43-487C-A7FC-A2AD6E4D68B8}.Debug|Any CPU.Build.0 = Debug|Any CPU
		{B4AAC1CE-5F43-487C-A7FC-A2AD6E4D68B8}.Release|Any CPU.ActiveCfg = Release|Any CPU
		{B4AAC1CE-5F43-487C-A7FC-A2AD6E4D68B8}.Release|Any CPU.Build.0 = Release|Any CPU
	EndGlobalSection
	GlobalSection(SolutionProperties) = preSolution
		HideSolutionNode = FALSE
	EndGlobalSection
	GlobalSection(ExtensibilityGlobals) = postSolution
		SolutionGuid = {55B2EE2E-8DBA-4F14-966F-529C47FB4FEB}
	EndGlobalSection
EndGlobal
